# THIS IS AN AUTOGENERATED FILE. DO NOT EDIT THIS FILE DIRECTLY.
# yarn lockfile v1


next-plausible@^1.2.0:
  version "1.2.0"
  resolved "https://registry.yarnpkg.com/next-plausible/-/next-plausible-1.2.0.tgz#032aba4ecf3064f6df51fa41e1063f9648eef35d"
  integrity sha512-e1t2DXr0h+RLz3uy48+1EIHTnsMwGfIoCnQ8QW1/tpS/BUYMGGuS/evRKMw6nZTtUlloVbD1We2FX/DYOd8bNQ==
